
Microsoft Visual Studio Solution File, Format Version 12.00
# Visual Studio Version 16
VisualStudioVersion = 16.0.29709.97
MinimumVisualStudioVersion = 10.0.40219.1
Project("{9A19103F-16F7-4668-BE54-9A1E7A4F7556}") = "MvcWithData", "MvcBasics\MvcWithData.csproj", "{EB3746BF-B978-4A93-8EB6-CA881513B9E5}"
EndProject
Global
	GlobalSection(SolutionConfigurationPlatforms) = preSolution
		Debug|Any CPU = Debug|Any CPU
		Release|Any CPU = Release|Any CPU
	EndGlobalSection
	GlobalSection(ProjectConfigurationPlatforms) = postSolution
		{EB3746BF-B978-4A93-8EB6-CA881513B9E5}.Debug|Any CPU.ActiveCfg = Debug|Any CPU
		{EB3746BF-B978-4A93-8EB6-CA881513B9E5}.Debug|Any CPU.Build.0 = Debug|Any CPU
		{EB3746BF-B978-4A93-8EB6-CA881513B9E5}.Release|Any CPU.ActiveCfg = Release|Any CPU
		{EB3746BF-B978-4A93-8EB6-CA881513B9E5}.Release|Any CPU.Build.0 = Release|Any CPU
	EndGlobalSection
	GlobalSection(SolutionProperties) = preSolution
		HideSolutionNode = FALSE
	EndGlobalSection
	GlobalSection(ExtensibilityGlobals) = postSolution
		SolutionGuid = {63862ACF-2AE9-4914-A3A8-3FC3EAADD040}
	EndGlobalSection
EndGlobal
